{
  "name": "liri-node-app",
  "version": "1.0.0",
  "lockfileVersion": 1,
  "requires": true,
  "dependencies": {
    "ajv": {
      "version": "http://34.206.52.14:4873/ajv/-/ajv-4.11.8.tgz",
      "integrity": "sha1-gv+wKynmYq5TvcIK8VlHcGc5xTY=",
      "requires": {
        "co": "http://34.206.52.14:4873/co/-/co-4.6.0.tgz",
        "json-stable-stringify": "http://34.206.52.14:4873/json-stable-stringify/-/json-stable-stringify-1.0.1.tgz"
      }
    },
    "asn1": {
      "version": "http://34.206.52.14:4873/asn1/-/asn1-0.2.3.tgz",
      "integrity": "sha1-2sh4dxPJlmhJ/IGAd36+nB3fO4Y="
    },
    "assert-plus": {
      "version": "http://34.206.52.14:4873/assert-plus/-/assert-plus-0.2.0.tgz",
      "integrity": "sha1-104bh+ev/A24qttwIfP+SBAasjQ="
    },
    "asynckit": {
      "version": "http://34.206.52.14:4873/asynckit/-/asynckit-0.4.0.tgz",
      "integrity": "sha1-x57Zf380y48robyXkLzDZkdLS3k="
    },
    "aws-sign2": {
      "version": "http://34.206.52.14:4873/aws-sign2/-/aws-sign2-0.6.0.tgz",
      "integrity": "sha1-FDQt0428yU0OW4fXY81jYSwOeU8="
    },
    "aws4": {
      "version": "http://34.206.52.14:4873/aws4/-/aws4-1.6.0.tgz",
      "integrity": "sha1-g+9cqGCysy5KDe7e6MdxudtXRx4="
    },
    "bcrypt-pbkdf": {
      "version": "http://34.206.52.14:4873/bcrypt-pbkdf/-/bcrypt-pbkdf-1.0.1.tgz",
      "integrity": "sha1-Y7xdy2EzG5K8Bf1SiVPDNGKgb40=",
      "optional": true,
      "requires": {
        "tweetnacl": "http://34.206.52.14:4873/tweetnacl/-/tweetnacl-0.14.5.tgz"
      }
    },
    "bluebird": {
      "version": "http://34.206.52.14:4873/bluebird/-/bluebird-3.5.0.tgz",
      "integrity": "sha1-eRQg1/VR7qKJdFOop3ZT+WYG1nw="
    },
    "boom": {
      "version": "http://34.206.52.14:4873/boom/-/boom-2.10.1.tgz",
      "integrity": "sha1-OciRjO/1eZ+D+UkqhI9iWt0Mdm8=",
      "requires": {
        "hoek": "http://34.206.52.14:4873/hoek/-/hoek-2.16.3.tgz"
      }
    },
    "caseless": {
      "version": "http://34.206.52.14:4873/caseless/-/caseless-0.12.0.tgz",
      "integrity": "sha1-G2gcIf+EAzyCZUMJBolCDRhxUdw="
    },
    "co": {
      "version": "http://34.206.52.14:4873/co/-/co-4.6.0.tgz",
      "integrity": "sha1-bqa989hTrlTMuOR7+gvz+QMfsYQ="
    },
    "combined-stream": {
      "version": "http://34.206.52.14:4873/combined-stream/-/combined-stream-1.0.5.tgz",
      "integrity": "sha1-k4NwpXtKUd6ix3wV1cX9+JUWQAk=",
      "requires": {
        "delayed-stream": "http://34.206.52.14:4873/delayed-stream/-/delayed-stream-1.0.0.tgz"
      }
    },
    "cryptiles": {
      "version": "http://34.206.52.14:4873/cryptiles/-/cryptiles-2.0.5.tgz",
      "integrity": "sha1-O9/s3GCBR8HGcgL6KR59ylnqo7g=",
      "requires": {
        "boom": "http://34.206.52.14:4873/boom/-/boom-2.10.1.tgz"
      }
    },
    "dashdash": {
      "version": "http://34.206.52.14:4873/dashdash/-/dashdash-1.14.1.tgz",
      "integrity": "sha1-hTz6D3y+L+1d4gMmuN1YEDX24vA=",
      "requires": {
        "assert-plus": "http://34.206.52.14:4873/assert-plus/-/assert-plus-1.0.0.tgz"
      },
      "dependencies": {
        "assert-plus": {
          "version": "http://34.206.52.14:4873/assert-plus/-/assert-plus-1.0.0.tgz",
          "integrity": "sha1-8S4PPF13sLHN2RRpQuTpbB5N1SU="
        }
      }
    },
    "deep-extend": {
      "version": "http://34.206.52.14:4873/deep-extend/-/deep-extend-0.5.0.tgz",
      "integrity": "sha1-bvSgmwX5iw41jW2T1Mo8rsZnKAM="
    },
    "delayed-stream": {
      "version": "http://34.206.52.14:4873/delayed-stream/-/delayed-stream-1.0.0.tgz",
      "integrity": "sha1-3zrhmayt+31ECqrgsp4icrJOxhk="
    },
    "ecc-jsbn": {
      "version": "http://34.206.52.14:4873/ecc-jsbn/-/ecc-jsbn-0.1.1.tgz",
      "integrity": "sha1-D8c6ntXw1Tw4GTOYUj735UN3dQU=",
      "optional": true,
      "requires": {
        "jsbn": "http://34.206.52.14:4873/jsbn/-/jsbn-0.1.1.tgz"
      }
    },
    "extend": {
      "version": "http://34.206.52.14:4873/extend/-/extend-3.0.1.tgz",
      "integrity": "sha1-p1Xqe8Gt/MWjHOfnYtuq3F5jZEQ="
    },
    "extsprintf": {
      "version": "http://34.206.52.14:4873/extsprintf/-/extsprintf-1.0.2.tgz",
      "integrity": "sha1-4QgOBljjALBilJkMxw4VAiNf1VA="
    },
    "forever-agent": {
      "version": "http://34.206.52.14:4873/forever-agent/-/forever-agent-0.6.1.tgz",
      "integrity": "sha1-+8cfDEGt6zf5bFd60e1C2P2sypE="
    },
    "form-data": {
      "version": "http://34.206.52.14:4873/form-data/-/form-data-2.1.4.tgz",
      "integrity": "sha1-M8GDrPGTJ27KqYFDpp6Uv+4XUNE=",
      "requires": {
        "asynckit": "http://34.206.52.14:4873/asynckit/-/asynckit-0.4.0.tgz",
        "combined-stream": "http://34.206.52.14:4873/combined-stream/-/combined-stream-1.0.5.tgz",
        "mime-types": "http://34.206.52.14:4873/mime-types/-/mime-types-2.1.15.tgz"
      }
    },
    "getpass": {
      "version": "http://34.206.52.14:4873/getpass/-/getpass-0.1.7.tgz",
      "integrity": "sha1-Xv+OPmhNVprkyysSgmBOi6YhSfo=",
      "requires": {
        "assert-plus": "http://34.206.52.14:4873/assert-plus/-/assert-plus-1.0.0.tgz"
      },
      "dependencies": {
        "assert-plus": {
          "version": "http://34.206.52.14:4873/assert-plus/-/assert-plus-1.0.0.tgz",
          "integrity": "sha1-8S4PPF13sLHN2RRpQuTpbB5N1SU="
        }
      }
    },
    "har-schema": {
      "version": "http://34.206.52.14:4873/har-schema/-/har-schema-1.0.5.tgz",
      "integrity": "sha1-0mMTX0MwfALGAq/I/pWXDAFRNp4="
    },
    "har-validator": {
      "version": "http://34.206.52.14:4873/har-validator/-/har-validator-4.2.1.tgz",
      "integrity": "sha1-M0gdDxu/9gDdID11gSpqX7oALio=",
      "requires": {
        "ajv": "http://34.206.52.14:4873/ajv/-/ajv-4.11.8.tgz",
        "har-schema": "http://34.206.52.14:4873/har-schema/-/har-schema-1.0.5.tgz"
      }
    },
    "hawk": {
      "version": "http://34.206.52.14:4873/hawk/-/hawk-3.1.3.tgz",
      "integrity": "sha1-B4REvXwWQLD+VA0sm3PVlnjo4cQ=",
      "requires": {
        "boom": "http://34.206.52.14:4873/boom/-/boom-2.10.1.tgz",
        "cryptiles": "http://34.206.52.14:4873/cryptiles/-/cryptiles-2.0.5.tgz",
        "hoek": "http://34.206.52.14:4873/hoek/-/hoek-2.16.3.tgz",
        "sntp": "http://34.206.52.14:4873/sntp/-/sntp-1.0.9.tgz"
      }
    },
    "hoek": {
      "version": "http://34.206.52.14:4873/hoek/-/hoek-2.16.3.tgz",
      "integrity": "sha1-ILt0A9POo5jpHcRxCo/xuCdKJe0="
    },
    "http-signature": {
      "version": "http://34.206.52.14:4873/http-signature/-/http-signature-1.1.1.tgz",
      "integrity": "sha1-33LiZwZs0Kxn+3at+OE0qPvPkb8=",
      "requires": {
        "assert-plus": "http://34.206.52.14:4873/assert-plus/-/assert-plus-0.2.0.tgz",
        "jsprim": "http://34.206.52.14:4873/jsprim/-/jsprim-1.4.0.tgz",
        "sshpk": "http://34.206.52.14:4873/sshpk/-/sshpk-1.13.1.tgz"
      }
    },
    "is-typedarray": {
      "version": "http://34.206.52.14:4873/is-typedarray/-/is-typedarray-1.0.0.tgz",
      "integrity": "sha1-5HnICFjfDBsR3dppQPlgEfzaSpo="
    },
    "isstream": {
      "version": "http://34.206.52.14:4873/isstream/-/isstream-0.1.2.tgz",
      "integrity": "sha1-R+Y/evVa+m+S4VAOaQ64uFKcCZo="
    },
    "jsbn": {
      "version": "http://34.206.52.14:4873/jsbn/-/jsbn-0.1.1.tgz",
      "integrity": "sha1-peZUwuWi3rXyAdls77yoDA7y9RM=",
      "optional": true
    },
    "json-schema": {
      "version": "http://34.206.52.14:4873/json-schema/-/json-schema-0.2.3.tgz",
      "integrity": "sha1-tIDIkuWaLwWVTOcnvT8qTogvnhM="
    },
    "json-stable-stringify": {
      "version": "http://34.206.52.14:4873/json-stable-stringify/-/json-stable-stringify-1.0.1.tgz",
      "integrity": "sha1-mnWdOcXy/1A/1TAGRu1EX4jE+a8=",
      "requires": {
        "jsonify": "http://34.206.52.14:4873/jsonify/-/jsonify-0.0.0.tgz"
      }
    },
    "json-stringify-safe": {
      "version": "http://34.206.52.14:4873/json-stringify-safe/-/json-stringify-safe-5.0.1.tgz",
      "integrity": "sha1-Epai1Y/UXxmg9s4B1lcB4sc1tus="
    },
    "jsonify": {
      "version": "http://34.206.52.14:4873/jsonify/-/jsonify-0.0.0.tgz",
      "integrity": "sha1-LHS27kHZPKUbe1qu6PUDYx0lKnM="
    },
    "jsprim": {
      "version": "http://34.206.52.14:4873/jsprim/-/jsprim-1.4.0.tgz",
      "integrity": "sha1-o7h+QCmNjDgFUtjMdiigu5WiKRg=",
      "requires": {
        "assert-plus": "http://34.206.52.14:4873/assert-plus/-/assert-plus-1.0.0.tgz",
        "extsprintf": "http://34.206.52.14:4873/extsprintf/-/extsprintf-1.0.2.tgz",
        "json-schema": "http://34.206.52.14:4873/json-schema/-/json-schema-0.2.3.tgz",
        "verror": "http://34.206.52.14:4873/verror/-/verror-1.3.6.tgz"
      },
      "dependencies": {
        "assert-plus": {
          "version": "http://34.206.52.14:4873/assert-plus/-/assert-plus-1.0.0.tgz",
          "integrity": "sha1-8S4PPF13sLHN2RRpQuTpbB5N1SU="
        }
      }
    },
    "lodash": {
      "version": "http://34.206.52.14:4873/lodash/-/lodash-4.17.4.tgz",
      "integrity": "sha1-eCA6TRwyiuHYbcpkYONptX9AVa4="
    },
    "mime-db": {
      "version": "http://34.206.52.14:4873/mime-db/-/mime-db-1.27.0.tgz",
      "integrity": "sha1-gg9XIpa70g7CXtVeW13oaeVDbrE="
    },
    "mime-types": {
      "version": "http://34.206.52.14:4873/mime-types/-/mime-types-2.1.15.tgz",
      "integrity": "sha1-pOv1BkCUVpI3uM9wBGd20J/JKu0=",
      "requires": {
        "mime-db": "http://34.206.52.14:4873/mime-db/-/mime-db-1.27.0.tgz"
      }
    },
    "node-spotify-api": {
      "version": "http://34.206.52.14:4873/node-spotify-api/-/node-spotify-api-1.0.5.tgz",
      "integrity": "sha1-K4kyKcCwqjWmTSlKYJ5BGajQeSA=",
      "requires": {
        "request": "http://34.206.52.14:4873/request/-/request-2.81.0.tgz",
        "request-promise": "http://34.206.52.14:4873/request-promise/-/request-promise-4.2.1.tgz"
      }
    },
    "oauth-sign": {
      "version": "http://34.206.52.14:4873/oauth-sign/-/oauth-sign-0.8.2.tgz",
      "integrity": "sha1-Rqarfwrq2N6unsBWV4C31O/rnUM="
    },
    "performance-now": {
      "version": "http://34.206.52.14:4873/performance-now/-/performance-now-0.2.0.tgz",
      "integrity": "sha1-M+8wxcd9TqIcWlOGnZG1bY8lVeU="
    },
    "punycode": {
      "version": "http://34.206.52.14:4873/punycode/-/punycode-1.4.1.tgz",
      "integrity": "sha1-wNWmOycYgArY4esPpSachN1BhF4="
    },
    "qs": {
      "version": "http://34.206.52.14:4873/qs/-/qs-6.4.0.tgz",
      "integrity": "sha1-E+JtKK1rD/qpExLNO/cI7TUecjM="
    },
    "request": {
      "version": "http://34.206.52.14:4873/request/-/request-2.81.0.tgz",
      "integrity": "sha1-xpKJRqDgbF+Nb4qTM0af/aRimKA=",
      "requires": {
        "aws-sign2": "http://34.206.52.14:4873/aws-sign2/-/aws-sign2-0.6.0.tgz",
        "aws4": "http://34.206.52.14:4873/aws4/-/aws4-1.6.0.tgz",
        "caseless": "http://34.206.52.14:4873/caseless/-/caseless-0.12.0.tgz",
        "combined-stream": "http://34.206.52.14:4873/combined-stream/-/combined-stream-1.0.5.tgz",
        "extend": "http://34.206.52.14:4873/extend/-/extend-3.0.1.tgz",
        "forever-agent": "http://34.206.52.14:4873/forever-agent/-/forever-agent-0.6.1.tgz",
        "form-data": "http://34.206.52.14:4873/form-data/-/form-data-2.1.4.tgz",
        "har-validator": "http://34.206.52.14:4873/har-validator/-/har-validator-4.2.1.tgz",
        "hawk": "http://34.206.52.14:4873/hawk/-/hawk-3.1.3.tgz",
        "http-signature": "http://34.206.52.14:4873/http-signature/-/http-signature-1.1.1.tgz",
        "is-typedarray": "http://34.206.52.14:4873/is-typedarray/-/is-typedarray-1.0.0.tgz",
        "isstream": "http://34.206.52.14:4873/isstream/-/isstream-0.1.2.tgz",
        "json-stringify-safe": "http://34.206.52.14:4873/json-stringify-safe/-/json-stringify-safe-5.0.1.tgz",
        "mime-types": "http://34.206.52.14:4873/mime-types/-/mime-types-2.1.15.tgz",
        "oauth-sign": "http://34.206.52.14:4873/oauth-sign/-/oauth-sign-0.8.2.tgz",
        "performance-now": "http://34.206.52.14:4873/performance-now/-/performance-now-0.2.0.tgz",
        "qs": "http://34.206.52.14:4873/qs/-/qs-6.4.0.tgz",
        "safe-buffer": "http://34.206.52.14:4873/safe-buffer/-/safe-buffer-5.1.1.tgz",
        "stringstream": "http://34.206.52.14:4873/stringstream/-/stringstream-0.0.5.tgz",
        "tough-cookie": "http://34.206.52.14:4873/tough-cookie/-/tough-cookie-2.3.2.tgz",
        "tunnel-agent": "http://34.206.52.14:4873/tunnel-agent/-/tunnel-agent-0.6.0.tgz",
        "uuid": "http://34.206.52.14:4873/uuid/-/uuid-3.1.0.tgz"
      }
    },
    "request-promise": {
      "version": "http://34.206.52.14:4873/request-promise/-/request-promise-4.2.1.tgz",
      "integrity": "sha1-fuxWyJMXqCLL/qmbA5zlQ8LhX2c=",
      "requires": {
        "bluebird": "http://34.206.52.14:4873/bluebird/-/bluebird-3.5.0.tgz",
        "request-promise-core": "http://34.206.52.14:4873/request-promise-core/-/request-promise-core-1.1.1.tgz",
        "stealthy-require": "http://34.206.52.14:4873/stealthy-require/-/stealthy-require-1.1.1.tgz",
        "tough-cookie": "http://34.206.52.14:4873/tough-cookie/-/tough-cookie-2.3.2.tgz"
      }
    },
    "request-promise-core": {
      "version": "http://34.206.52.14:4873/request-promise-core/-/request-promise-core-1.1.1.tgz",
      "integrity": "sha1-Pu4AssWqgyOc+wTFcA2jb4HNCLY=",
      "requires": {
        "lodash": "http://34.206.52.14:4873/lodash/-/lodash-4.17.4.tgz"
      }
    },
    "safe-buffer": {
      "version": "http://34.206.52.14:4873/safe-buffer/-/safe-buffer-5.1.1.tgz",
      "integrity": "sha1-iTMSr2myEj3vcfV4iQAWce6yyFM="
    },
    "sntp": {
      "version": "http://34.206.52.14:4873/sntp/-/sntp-1.0.9.tgz",
      "integrity": "sha1-ZUEYTMkK7qbG57NeJlkIJEPGYZg=",
      "requires": {
        "hoek": "http://34.206.52.14:4873/hoek/-/hoek-2.16.3.tgz"
      }
    },
    "sshpk": {
      "version": "http://34.206.52.14:4873/sshpk/-/sshpk-1.13.1.tgz",
      "integrity": "sha1-US322mKHFEMW3EwY/hzx2UBzm+M=",
      "requires": {
        "asn1": "http://34.206.52.14:4873/asn1/-/asn1-0.2.3.tgz",
        "assert-plus": "http://34.206.52.14:4873/assert-plus/-/assert-plus-1.0.0.tgz",
        "bcrypt-pbkdf": "http://34.206.52.14:4873/bcrypt-pbkdf/-/bcrypt-pbkdf-1.0.1.tgz",
        "dashdash": "http://34.206.52.14:4873/dashdash/-/dashdash-1.14.1.tgz",
        "ecc-jsbn": "http://34.206.52.14:4873/ecc-jsbn/-/ecc-jsbn-0.1.1.tgz",
        "getpass": "http://34.206.52.14:4873/getpass/-/getpass-0.1.7.tgz",
        "jsbn": "http://34.206.52.14:4873/jsbn/-/jsbn-0.1.1.tgz",
        "tweetnacl": "http://34.206.52.14:4873/tweetnacl/-/tweetnacl-0.14.5.tgz"
      },
      "dependencies": {
        "assert-plus": {
          "version": "http://34.206.52.14:4873/assert-plus/-/assert-plus-1.0.0.tgz",
          "integrity": "sha1-8S4PPF13sLHN2RRpQuTpbB5N1SU="
        }
      }
    },
    "stealthy-require": {
      "version": "http://34.206.52.14:4873/stealthy-require/-/stealthy-require-1.1.1.tgz",
      "integrity": "sha1-NbCYdbT/SfJqd35QmzCQoyJr8ks="
    },
    "stringstream": {
      "version": "http://34.206.52.14:4873/stringstream/-/stringstream-0.0.5.tgz",
      "integrity": "sha1-TkhM1N5aC7vuGORjB3EKioFiGHg="
    },
    "tough-cookie": {
      "version": "http://34.206.52.14:4873/tough-cookie/-/tough-cookie-2.3.2.tgz",
      "integrity": "sha1-8IH3bkyFcg5sN6X6ztc3FQ2EByo=",
      "requires": {
        "punycode": "http://34.206.52.14:4873/punycode/-/punycode-1.4.1.tgz"
      }
    },
    "tunnel-agent": {
      "version": "http://34.206.52.14:4873/tunnel-agent/-/tunnel-agent-0.6.0.tgz",
      "integrity": "sha1-J6XeoGs2sEoKmWZ3SykIaPD8QP0=",
      "requires": {
        "safe-buffer": "http://34.206.52.14:4873/safe-buffer/-/safe-buffer-5.1.1.tgz"
      }
    },
    "tweetnacl": {
      "version": "http://34.206.52.14:4873/tweetnacl/-/tweetnacl-0.14.5.tgz",
      "integrity": "sha1-WuaBd/GS1EViadEIr6k/+HQ/T2Q=",
      "optional": true
    },
    "twitter": {
      "version": "http://34.206.52.14:4873/twitter/-/twitter-1.7.1.tgz",
      "integrity": "sha1-B2I3jx3BwFDkj2ZqypBOJLGpYvQ=",
      "requires": {
        "deep-extend": "http://34.206.52.14:4873/deep-extend/-/deep-extend-0.5.0.tgz",
        "request": "http://34.206.52.14:4873/request/-/request-2.81.0.tgz"
      }
    },
    "uuid": {
      "version": "http://34.206.52.14:4873/uuid/-/uuid-3.1.0.tgz",
      "integrity": "sha1-PdPT55Crwk17DToDT/q6vijrvAQ="
    },
    "verror": {
      "version": "http://34.206.52.14:4873/verror/-/verror-1.3.6.tgz",
      "integrity": "sha1-z/XfEpRtKX0rqu+qJoniW+AcAFw=",
      "requires": {
        "extsprintf": "http://34.206.52.14:4873/extsprintf/-/extsprintf-1.0.2.tgz"
      }
    }
  }
}
